
Microsoft Visual Studio Solution File, Format Version 12.00
# Visual Studio Version 16
VisualStudioVersion = 16.0.31829.152
MinimumVisualStudioVersion = 10.0.40219.1
Project("{FAE04EC0-301F-11D3-BF4B-00C04F79EFBC}") = "TestApp", "WebApplication1\TestApp.csproj", "{C2E8EB8A-3E57-4928-BF43-A89EFAF0A109}"
EndProject
Project("{FAE04EC0-301F-11D3-BF4B-00C04F79EFBC}") = "TestApp.Test", "TestApp.Test\TestApp.Test.csproj", "{D4B3CC2D-2434-4634-9698-A44CBC71C6B7}"
EndProject
Global
	GlobalSection(SolutionConfigurationPlatforms) = preSolution
		Debug|Any CPU = Debug|Any CPU
		Release|Any CPU = Release|Any CPU
	EndGlobalSection
	GlobalSection(ProjectConfigurationPlatforms) = postSolution
		{C2E8EB8A-3E57-4928-BF43-A89EFAF0A109}.Debug|Any CPU.ActiveCfg = Debug|Any CPU
		{C2E8EB8A-3E57-4928-BF43-A89EFAF0A109}.Debug|Any CPU.Build.0 = Debug|Any CPU
		{C2E8EB8A-3E57-4928-BF43-A89EFAF0A109}.Release|Any CPU.ActiveCfg = Release|Any CPU
		{C2E8EB8A-3E57-4928-BF43-A89EFAF0A109}.Release|Any CPU.Build.0 = Release|Any CPU
		{D4B3CC2D-2434-4634-9698-A44CBC71C6B7}.Debug|Any CPU.ActiveCfg = Debug|Any CPU
		{D4B3CC2D-2434-4634-9698-A44CBC71C6B7}.Debug|Any CPU.Build.0 = Debug|Any CPU
		{D4B3CC2D-2434-4634-9698-A44CBC71C6B7}.Release|Any CPU.ActiveCfg = Release|Any CPU
		{D4B3CC2D-2434-4634-9698-A44CBC71C6B7}.Release|Any CPU.Build.0 = Release|Any CPU
	EndGlobalSection
	GlobalSection(SolutionProperties) = preSolution
		HideSolutionNode = FALSE
	EndGlobalSection
	GlobalSection(ExtensibilityGlobals) = postSolution
		SolutionGuid = {DE67EA9A-3F81-472A-B0F2-B6E3C995A362}
	EndGlobalSection
EndGlobal
